
Microsoft Visual Studio Solution File, Format Version 12.00
# Visual Studio Version 17
VisualStudioVersion = 17.8.34525.116
MinimumVisualStudioVersion = 10.0.40219.1
Project("{FAE04EC0-301F-11D3-BF4B-00C04F79EFBC}") = "MultiTaskingAsyncUtility", "MultiTaskingAsyncUtility\MultiTaskingAsyncUtility.csproj", "{93035AFF-E78F-4FCF-BF2D-D2517243E3CC}"
EndProject
Global
	GlobalSection(SolutionConfigurationPlatforms) = preSolution
		Debug|Any CPU = Debug|Any CPU
		Release|Any CPU = Release|Any CPU
	EndGlobalSection
	GlobalSection(ProjectConfigurationPlatforms) = postSolution
		{93035AFF-E78F-4FCF-BF2D-D2517243E3CC}.Debug|Any CPU.ActiveCfg = Debug|Any CPU
		{93035AFF-E78F-4FCF-BF2D-D2517243E3CC}.Debug|Any CPU.Build.0 = Debug|Any CPU
		{93035AFF-E78F-4FCF-BF2D-D2517243E3CC}.Release|Any CPU.ActiveCfg = Release|Any CPU
		{93035AFF-E78F-4FCF-BF2D-D2517243E3CC}.Release|Any CPU.Build.0 = Release|Any CPU
	EndGlobalSection
	GlobalSection(SolutionProperties) = preSolution
		HideSolutionNode = FALSE
	EndGlobalSection
	GlobalSection(ExtensibilityGlobals) = postSolution
		SolutionGuid = {C0DBB505-9DC7-4511-83C3-0D2F524EF974}
	EndGlobalSection
EndGlobal
